// !$*UTF8*$!
{
	archiveVersion = 1;
	classes = {
	};
	objectVersion = 46;
	objects = {

/* Begin PBXBuildFile section */
		27180AE019D3E1C500B02501 /* main.m in Sources */ = {isa = PBXBuildFile; fileRef = 27180ADF19D3E1C500B02501 /* main.m */; };
		27180AE319D3E1C500B02501 /* AppDelegate.m in Sources */ = {isa = PBXBuildFile; fileRef = 27180AE219D3E1C500B02501 /* AppDelegate.m */; };
		27180AEB19D3E1C500B02501 /* Images.xcassets in Resources */ = {isa = PBXBuildFile; fileRef = 27180AEA19D3E1C500B02501 /* Images.xcassets */; };
		27180AFA19D3E1C500B02501 /* TwiiiwTTests.m in Sources */ = {isa = PBXBuildFile; fileRef = 27180AF919D3E1C500B02501 /* TwiiiwTTests.m */; };
		27180B0619D3E23C00B02501 /* TwitterClient.m in Sources */ = {isa = PBXBuildFile; fileRef = 27180B0519D3E23C00B02501 /* TwitterClient.m */; };
		27180B0919D3E2ED00B02501 /* User.m in Sources */ = {isa = PBXBuildFile; fileRef = 27180B0819D3E2ED00B02501 /* User.m */; };
		27180B0E19D3E68700B02501 /* LoginViewController.m in Sources */ = {isa = PBXBuildFile; fileRef = 27180B0C19D3E68700B02501 /* LoginViewController.m */; };
		27180B0F19D3E68700B02501 /* LoginViewController.xib in Resources */ = {isa = PBXBuildFile; fileRef = 27180B0D19D3E68700B02501 /* LoginViewController.xib */; };
		2719CEE519D644B800D2C4A7 /* TimelineViewController.m in Sources */ = {isa = PBXBuildFile; fileRef = 2719CEE319D644B800D2C4A7 /* TimelineViewController.m */; };
		2719CEE619D644B800D2C4A7 /* TimelineViewController.xib in Resources */ = {isa = PBXBuildFile; fileRef = 2719CEE419D644B800D2C4A7 /* TimelineViewController.xib */; };
		2719CEED19D64B8B00D2C4A7 /* NSURL+verifyOauth.m in Sources */ = {isa = PBXBuildFile; fileRef = 2719CEEC19D64B8B00D2C4A7 /* NSURL+verifyOauth.m */; };
		2719CEF119D7AE5800D2C4A7 /* TweetCell.m in Sources */ = {isa = PBXBuildFile; fileRef = 2719CEEF19D7AE5800D2C4A7 /* TweetCell.m */; };
		2719CEF219D7AE5800D2C4A7 /* TweetCell.xib in Resources */ = {isa = PBXBuildFile; fileRef = 2719CEF019D7AE5800D2C4A7 /* TweetCell.xib */; };
		2719CEF519D7B35D00D2C4A7 /* Tweet.m in Sources */ = {isa = PBXBuildFile; fileRef = 2719CEF419D7B35D00D2C4A7 /* Tweet.m */; };
		27790A5819D9215A00CFA510 /* Utils.m in Sources */ = {isa = PBXBuildFile; fileRef = 27790A5719D9215A00CFA510 /* Utils.m */; };
		27790A5C19DA76F700CFA510 /* TweetViewController.m in Sources */ = {isa = PBXBuildFile; fileRef = 27790A5A19DA76F700CFA510 /* TweetViewController.m */; };
		27790A5D19DA76F700CFA510 /* TweetViewController.xib in Resources */ = {isa = PBXBuildFile; fileRef = 27790A5B19DA76F700CFA510 /* TweetViewController.xib */; };
		27790A6119DA95A100CFA510 /* ComposeViewController.m in Sources */ = {isa = PBXBuildFile; fileRef = 27790A5F19DA95A100CFA510 /* ComposeViewController.m */; };
		27790A6219DA95A100CFA510 /* ComposeViewController.xib in Resources */ = {isa = PBXBuildFile; fileRef = 27790A6019DA95A100CFA510 /* ComposeViewController.xib */; };
		27790A6819DB663700CFA510 /* UIView+Superview.m in Sources */ = {isa = PBXBuildFile; fileRef = 27790A6719DB663700CFA510 /* UIView+Superview.m */; };
		27B6E91E19D6122A00ACCFB5 /* APIField.m in Sources */ = {isa = PBXBuildFile; fileRef = 27B6E91D19D6122A00ACCFB5 /* APIField.m */; };
		52F4CE1B28654C81A1D09D26 /* libPods.a in Frameworks */ = {isa = PBXBuildFile; fileRef = 99F48AD578BD4950A7C2073E /* libPods.a */; };
/* End PBXBuildFile section */

/* Begin PBXContainerItemProxy section */
		27180AF419D3E1C500B02501 /* PBXContainerItemProxy */ = {
			isa = PBXContainerItemProxy;
			containerPortal = 27180AD219D3E1C500B02501 /* Project object */;
			proxyType = 1;
			remoteGlobalIDString = 27180AD919D3E1C500B02501;
			remoteInfo = TwiiiwT;
		};
/* End PBXContainerItemProxy section */

/* Begin PBXFileReference section */
		24CE809247D846D88E3A7593 /* Pods.xcconfig */ = {isa = PBXFileReference; includeInIndex = 1; lastKnownFileType = text.xcconfig; name = Pods.xcconfig; path = Pods/Pods.xcconfig; sourceTree = "<group>"; };
		27180ADA19D3E1C500B02501 /* TwiiiwT.app */ = {isa = PBXFileReference; explicitFileType = wrapper.application; includeInIndex = 0; path = TwiiiwT.app; sourceTree = BUILT_PRODUCTS_DIR; };
		27180ADE19D3E1C500B02501 /* Info.plist */ = {isa = PBXFileReference; lastKnownFileType = text.plist.xml; path = Info.plist; sourceTree = "<group>"; };
		27180ADF19D3E1C500B02501 /* main.m */ = {isa = PBXFileReference; lastKnownFileType = sourcecode.c.objc; path = main.m; sourceTree = "<group>"; };
		27180AE119D3E1C500B02501 /* AppDelegate.h */ = {isa = PBXFileReference; lastKnownFileType = sourcecode.c.h; path = AppDelegate.h; sourceTree = "<group>"; };
		27180AE219D3E1C500B02501 /* AppDelegate.m */ = {isa = PBXFileReference; lastKnownFileType = sourcecode.c.objc; path = AppDelegate.m; sourceTree = "<group>"; };
		27180AEA19D3E1C500B02501 /* Images.xcassets */ = {isa = PBXFileReference; lastKnownFileType = folder.assetcatalog; path = Images.xcassets; sourceTree = "<group>"; };
		27180AF319D3E1C500B02501 /* TwiiiwTTests.xctest */ = {isa = PBXFileReference; explicitFileType = wrapper.cfbundle; includeInIndex = 0; path = TwiiiwTTests.xctest; sourceTree = BUILT_PRODUCTS_DIR; };
		27180AF819D3E1C500B02501 /* Info.plist */ = {isa = PBXFileReference; lastKnownFileType = text.plist.xml; path = Info.plist; sourceTree = "<group>"; };
		27180AF919D3E1C500B02501 /* TwiiiwTTests.m */ = {isa = PBXFileReference; lastKnownFileType = sourcecode.c.objc; path = TwiiiwTTests.m; sourceTree = "<group>"; };
		27180B0419D3E23C00B02501 /* TwitterClient.h */ = {isa = PBXFileReference; fileEncoding = 4; lastKnownFileType = sourcecode.c.h; path = TwitterClient.h; sourceTree = "<group>"; };
		27180B0519D3E23C00B02501 /* TwitterClient.m */ = {isa = PBXFileReference; fileEncoding = 4; lastKnownFileType = sourcecode.c.objc; path = TwitterClient.m; sourceTree = "<group>"; };
		27180B0719D3E2ED00B02501 /* User.h */ = {isa = PBXFileReference; fileEncoding = 4; lastKnownFileType = sourcecode.c.h; path = User.h; sourceTree = "<group>"; };
		27180B0819D3E2ED00B02501 /* User.m */ = {isa = PBXFileReference; fileEncoding = 4; lastKnownFileType = sourcecode.c.objc; path = User.m; sourceTree = "<group>"; };
		27180B0B19D3E68700B02501 /* LoginViewController.h */ = {isa = PBXFileReference; fileEncoding = 4; lastKnownFileType = sourcecode.c.h; path = LoginViewController.h; sourceTree = "<group>"; };
		27180B0C19D3E68700B02501 /* LoginViewController.m */ = {isa = PBXFileReference; fileEncoding = 4; lastKnownFileType = sourcecode.c.objc; path = LoginViewController.m; sourceTree = "<group>"; };
		27180B0D19D3E68700B02501 /* LoginViewController.xib */ = {isa = PBXFileReference; fileEncoding = 4; lastKnownFileType = file.xib; path = LoginViewController.xib; sourceTree = "<group>"; };
		2719CEE219D644B800D2C4A7 /* TimelineViewController.h */ = {isa = PBXFileReference; fileEncoding = 4; lastKnownFileType = sourcecode.c.h; path = TimelineViewController.h; sourceTree = "<group>"; };
		2719CEE319D644B800D2C4A7 /* TimelineViewController.m */ = {isa = PBXFileReference; fileEncoding = 4; lastKnownFileType = sourcecode.c.objc; path = TimelineViewController.m; sourceTree = "<group>"; };
		2719CEE419D644B800D2C4A7 /* TimelineViewController.xib */ = {isa = PBXFileReference; fileEncoding = 4; lastKnownFileType = file.xib; path = TimelineViewController.xib; sourceTree = "<group>"; };
		2719CEEB19D64B8B00D2C4A7 /* NSURL+verifyOauth.h */ = {isa = PBXFileReference; fileEncoding = 4; lastKnownFileType = sourcecode.c.h; path = "NSURL+verifyOauth.h"; sourceTree = "<group>"; };
		2719CEEC19D64B8B00D2C4A7 /* NSURL+verifyOauth.m */ = {isa = PBXFileReference; fileEncoding = 4; lastKnownFileType = sourcecode.c.objc; path = "NSURL+verifyOauth.m"; sourceTree = "<group>"; };
		2719CEEE19D7AE5800D2C4A7 /* TweetCell.h */ = {isa = PBXFileReference; fileEncoding = 4; lastKnownFileType = sourcecode.c.h; path = TweetCell.h; sourceTree = "<group>"; };
		2719CEEF19D7AE5800D2C4A7 /* TweetCell.m */ = {isa = PBXFileReference; fileEncoding = 4; lastKnownFileType = sourcecode.c.objc; path = TweetCell.m; sourceTree = "<group>"; };
		2719CEF019D7AE5800D2C4A7 /* TweetCell.xib */ = {isa = PBXFileReference; fileEncoding = 4; lastKnownFileType = file.xib; path = TweetCell.xib; sourceTree = "<group>"; };
		2719CEF319D7B35D00D2C4A7 /* Tweet.h */ = {isa = PBXFileReference; fileEncoding = 4; lastKnownFileType = sourcecode.c.h; path = Tweet.h; sourceTree = "<group>"; };
		2719CEF419D7B35D00D2C4A7 /* Tweet.m */ = {isa = PBXFileReference; fileEncoding = 4; lastKnownFileType = sourcecode.c.objc; path = Tweet.m; sourceTree = "<group>"; };
		27790A5619D9215A00CFA510 /* Utils.h */ = {isa = PBXFileReference; fileEncoding = 4; lastKnownFileType = sourcecode.c.h; path = Utils.h; sourceTree = "<group>"; };
		27790A5719D9215A00CFA510 /* Utils.m */ = {isa = PBXFileReference; fileEncoding = 4; lastKnownFileType = sourcecode.c.objc; path = Utils.m; sourceTree = "<group>"; };
		27790A5919DA76F700CFA510 /* TweetViewController.h */ = {isa = PBXFileReference; fileEncoding = 4; lastKnownFileType = sourcecode.c.h; path = TweetViewController.h; sourceTree = "<group>"; };
		27790A5A19DA76F700CFA510 /* TweetViewController.m */ = {isa = PBXFileReference; fileEncoding = 4; lastKnownFileType = sourcecode.c.objc; path = TweetViewController.m; sourceTree = "<group>"; };
		27790A5B19DA76F700CFA510 /* TweetViewController.xib */ = {isa = PBXFileReference; fileEncoding = 4; lastKnownFileType = file.xib; path = TweetViewController.xib; sourceTree = "<group>"; };
		27790A5E19DA95A100CFA510 /* ComposeViewController.h */ = {isa = PBXFileReference; fileEncoding = 4; lastKnownFileType = sourcecode.c.h; path = ComposeViewController.h; sourceTree = "<group>"; };
		27790A5F19DA95A100CFA510 /* ComposeViewController.m */ = {isa = PBXFileReference; fileEncoding = 4; lastKnownFileType = sourcecode.c.objc; path = ComposeViewController.m; sourceTree = "<group>"; };
		27790A6019DA95A100CFA510 /* ComposeViewController.xib */ = {isa = PBXFileReference; fileEncoding = 4; lastKnownFileType = file.xib; path = ComposeViewController.xib; sourceTree = "<group>"; };
		27790A6619DB663700CFA510 /* UIView+Superview.h */ = {isa = PBXFileReference; fileEncoding = 4; lastKnownFileType = sourcecode.c.h; path = "UIView+Superview.h"; sourceTree = "<group>"; };
		27790A6719DB663700CFA510 /* UIView+Superview.m */ = {isa = PBXFileReference; fileEncoding = 4; lastKnownFileType = sourcecode.c.objc; path = "UIView+Superview.m"; sourceTree = "<group>"; };
		27B6E91C19D6122A00ACCFB5 /* APIField.h */ = {isa = PBXFileReference; fileEncoding = 4; lastKnownFileType = sourcecode.c.h; path = APIField.h; sourceTree = "<group>"; };
		27B6E91D19D6122A00ACCFB5 /* APIField.m */ = {isa = PBXFileReference; fileEncoding = 4; lastKnownFileType = sourcecode.c.objc; path = APIField.m; sourceTree = "<group>"; };
		99F48AD578BD4950A7C2073E /* libPods.a */ = {isa = PBXFileReference; explicitFileType = archive.ar; includeInIndex = 0; path = libPods.a; sourceTree = BUILT_PRODUCTS_DIR; };
/* End PBXFileReference section */

/* Begin PBXFrameworksBuildPhase section */
		27180AD719D3E1C500B02501 /* Frameworks */ = {
			isa = PBXFrameworksBuildPhase;
			buildActionMask = 2147483647;
			files = (
				52F4CE1B28654C81A1D09D26 /* libPods.a in Frameworks */,
			);
			runOnlyForDeploymentPostprocessing = 0;
		};
		27180AF019D3E1C500B02501 /* Frameworks */ = {
			isa = PBXFrameworksBuildPhase;
			buildActionMask = 2147483647;
			files = (
			);
			runOnlyForDeploymentPostprocessing = 0;
		};
/* End PBXFrameworksBuildPhase section */

/* Begin PBXGroup section */
		27180AD119D3E1C500B02501 = {
			isa = PBXGroup;
			children = (
				27180ADC19D3E1C500B02501 /* TwiiiwT */,
				27180AF619D3E1C500B02501 /* TwiiiwTTests */,
				27180ADB19D3E1C500B02501 /* Products */,
				24CE809247D846D88E3A7593 /* Pods.xcconfig */,
				CAFF3040893A437DA9A4C0EC /* Frameworks */,
			);
			sourceTree = "<group>";
		};
		27180ADB19D3E1C500B02501 /* Products */ = {
			isa = PBXGroup;
			children = (
				27180ADA19D3E1C500B02501 /* TwiiiwT.app */,
				27180AF319D3E1C500B02501 /* TwiiiwTTests.xctest */,
			);
			name = Products;
			sourceTree = "<group>";
		};
		27180ADC19D3E1C500B02501 /* TwiiiwT */ = {
			isa = PBXGroup;
			children = (
				2719CEE719D64A6E00D2C4A7 /* Categories */,
				27B6E91B19D5EB5800ACCFB5 /* View */,
				27180B0A19D3E63D00B02501 /* View Controllers */,
				27180B0319D3E22500B02501 /* Model */,
				27180AE119D3E1C500B02501 /* AppDelegate.h */,
				27180AE219D3E1C500B02501 /* AppDelegate.m */,
				27180AEA19D3E1C500B02501 /* Images.xcassets */,
				27180ADD19D3E1C500B02501 /* Supporting Files */,
			);
			path = TwiiiwT;
			sourceTree = "<group>";
		};
		27180ADD19D3E1C500B02501 /* Supporting Files */ = {
			isa = PBXGroup;
			children = (
				27180ADE19D3E1C500B02501 /* Info.plist */,
				27180ADF19D3E1C500B02501 /* main.m */,
			);
			name = "Supporting Files";
			sourceTree = "<group>";
		};
		27180AF619D3E1C500B02501 /* TwiiiwTTests */ = {
			isa = PBXGroup;
			children = (
				27180AF919D3E1C500B02501 /* TwiiiwTTests.m */,
				27180AF719D3E1C500B02501 /* Supporting Files */,
			);
			path = TwiiiwTTests;
			sourceTree = "<group>";
		};
		27180AF719D3E1C500B02501 /* Supporting Files */ = {
			isa = PBXGroup;
			children = (
				27180AF819D3E1C500B02501 /* Info.plist */,
			);
			name = "Supporting Files";
			sourceTree = "<group>";
		};
		27180B0319D3E22500B02501 /* Model */ = {
			isa = PBXGroup;
			children = (
				27180B0419D3E23C00B02501 /* TwitterClient.h */,
				27180B0519D3E23C00B02501 /* TwitterClient.m */,
				27180B0719D3E2ED00B02501 /* User.h */,
				27180B0819D3E2ED00B02501 /* User.m */,
				27B6E91C19D6122A00ACCFB5 /* APIField.h */,
				27B6E91D19D6122A00ACCFB5 /* APIField.m */,
				2719CEF319D7B35D00D2C4A7 /* Tweet.h */,
				2719CEF419D7B35D00D2C4A7 /* Tweet.m */,
				27790A5619D9215A00CFA510 /* Utils.h */,
				27790A5719D9215A00CFA510 /* Utils.m */,
			);
			name = Model;
			sourceTree = "<group>";
		};
		27180B0A19D3E63D00B02501 /* View Controllers */ = {
			isa = PBXGroup;
			children = (
				27180B0B19D3E68700B02501 /* LoginViewController.h */,
				27180B0C19D3E68700B02501 /* LoginViewController.m */,
				27180B0D19D3E68700B02501 /* LoginViewController.xib */,
				2719CEE219D644B800D2C4A7 /* TimelineViewController.h */,
				2719CEE319D644B800D2C4A7 /* TimelineViewController.m */,
				2719CEE419D644B800D2C4A7 /* TimelineViewController.xib */,
				27790A5919DA76F700CFA510 /* TweetViewController.h */,
				27790A5A19DA76F700CFA510 /* TweetViewController.m */,
				27790A5B19DA76F700CFA510 /* TweetViewController.xib */,
				27790A5E19DA95A100CFA510 /* ComposeViewController.h */,
				27790A5F19DA95A100CFA510 /* ComposeViewController.m */,
				27790A6019DA95A100CFA510 /* ComposeViewController.xib */,
			);
			name = "View Controllers";
			sourceTree = "<group>";
		};
		2719CEE719D64A6E00D2C4A7 /* Categories */ = {
			isa = PBXGroup;
			children = (
				2719CEEB19D64B8B00D2C4A7 /* NSURL+verifyOauth.h */,
				2719CEEC19D64B8B00D2C4A7 /* NSURL+verifyOauth.m */,
				27790A6619DB663700CFA510 /* UIView+Superview.h */,
				27790A6719DB663700CFA510 /* UIView+Superview.m */,
			);
			name = Categories;
			sourceTree = "<group>";
		};
		27B6E91B19D5EB5800ACCFB5 /* View */ = {
			isa = PBXGroup;
			children = (
				2719CEEE19D7AE5800D2C4A7 /* TweetCell.h */,
				2719CEEF19D7AE5800D2C4A7 /* TweetCell.m */,
				2719CEF019D7AE5800D2C4A7 /* TweetCell.xib */,
			);
			name = View;
			sourceTree = "<group>";
		};
		CAFF3040893A437DA9A4C0EC /* Frameworks */ = {
			isa = PBXGroup;
			children = (
				99F48AD578BD4950A7C2073E /* libPods.a */,
			);
			name = Frameworks;
			sourceTree = "<group>";
		};
/* End PBXGroup section */

/* Begin PBXNativeTarget section */
		27180AD919D3E1C500B02501 /* TwiiiwT */ = {
			isa = PBXNativeTarget;
			buildConfigurationList = 27180AFD19D3E1C500B02501 /* Build configuration list for PBXNativeTarget "TwiiiwT" */;
			buildPhases = (
				E40B5DAAFD3149F090C4B3CF /* Check Pods Manifest.lock */,
				27180AD619D3E1C500B02501 /* Sources */,
				27180AD719D3E1C500B02501 /* Frameworks */,
				27180AD819D3E1C500B02501 /* Resources */,
				3E6041B50AAA4FEB9E0482BF /* Copy Pods Resources */,
			);
			buildRules = (
			);
			dependencies = (
			);
			name = TwiiiwT;
			productName = TwiiiwT;
			productReference = 27180ADA19D3E1C500B02501 /* TwiiiwT.app */;
			productType = "com.apple.product-type.application";
		};
		27180AF219D3E1C500B02501 /* TwiiiwTTests */ = {
			isa = PBXNativeTarget;
			buildConfigurationList = 27180B0019D3E1C500B02501 /* Build configuration list for PBXNativeTarget "TwiiiwTTests" */;
			buildPhases = (
				27180AEF19D3E1C500B02501 /* Sources */,
				27180AF019D3E1C500B02501 /* Frameworks */,
				27180AF119D3E1C500B02501 /* Resources */,
			);
			buildRules = (
			);
			dependencies = (
				27180AF519D3E1C500B02501 /* PBXTargetDependency */,
			);
			name = TwiiiwTTests;
			productName = TwiiiwTTests;
			productReference = 27180AF319D3E1C500B02501 /* TwiiiwTTests.xctest */;
			productType = "com.apple.product-type.bundle.unit-test";
		};
/* End PBXNativeTarget section */

/* Begin PBXProject section */
		27180AD219D3E1C500B02501 /* Project object */ = {
			isa = PBXProject;
			attributes = {
				LastUpgradeCheck = 0600;
				ORGANIZATIONNAME = "Peiqi Zheng";
				TargetAttributes = {
					27180AD919D3E1C500B02501 = {
						CreatedOnToolsVersion = 6.0;
					};
					27180AF219D3E1C500B02501 = {
						CreatedOnToolsVersion = 6.0;
						TestTargetID = 27180AD919D3E1C500B02501;
					};
				};
			};
			buildConfigurationList = 27180AD519D3E1C500B02501 /* Build configuration list for PBXProject "TwiiiwT" */;
			compatibilityVersion = "Xcode 3.2";
			developmentRegion = English;
			hasScannedForEncodings = 0;
			knownRegions = (
				en,
				Base,
			);
			mainGroup = 27180AD119D3E1C500B02501;
			productRefGroup = 27180ADB19D3E1C500B02501 /* Products */;
			projectDirPath = "";
			projectRoot = "";
			targets = (
				27180AD919D3E1C500B02501 /* TwiiiwT */,
				27180AF219D3E1C500B02501 /* TwiiiwTTests */,
			);
		};
/* End PBXProject section */

/* Begin PBXResourcesBuildPhase section */
		27180AD819D3E1C500B02501 /* Resources */ = {
			isa = PBXResourcesBuildPhase;
			buildActionMask = 2147483647;
			files = (
				2719CEE619D644B800D2C4A7 /* TimelineViewController.xib in Resources */,
				27790A6219DA95A100CFA510 /* ComposeViewController.xib in Resources */,
				27180B0F19D3E68700B02501 /* LoginViewController.xib in Resources */,
				27180AEB19D3E1C500B02501 /* Images.xcassets in Resources */,
				27790A5D19DA76F700CFA510 /* TweetViewController.xib in Resources */,
				2719CEF219D7AE5800D2C4A7 /* TweetCell.xib in Resources */,
			);
			runOnlyForDeploymentPostprocessing = 0;
		};
		27180AF119D3E1C500B02501 /* Resources */ = {
			isa = PBXResourcesBuildPhase;
			buildActionMask = 2147483647;
			files = (
			);
			runOnlyForDeploymentPostprocessing = 0;
		};
/* End PBXResourcesBuildPhase section */

/* Begin PBXShellScriptBuildPhase section */
		3E6041B50AAA4FEB9E0482BF /* Copy Pods Resources */ = {
			isa = PBXShellScriptBuildPhase;
			buildActionMask = 2147483647;
			files = (
			);
			inputPaths = (
			);
			name = "Copy Pods Resources";
			outputPaths = (
			);
			runOnlyForDeploymentPostprocessing = 0;
			shellPath = /bin/sh;
			shellScript = "\"${SRCROOT}/Pods/Pods-resources.sh\"\n";
			showEnvVarsInLog = 0;
		};
		E40B5DAAFD3149F090C4B3CF /* Check Pods Manifest.lock */ = {
			isa = PBXShellScriptBuildPhase;
			buildActionMask = 2147483647;
			files = (
			);
			inputPaths = (
			);
			name = "Check Pods Manifest.lock";
			outputPaths = (
			);
			runOnlyForDeploymentPostprocessing = 0;
			shellPath = /bin/sh;
			shellScript = "diff \"${PODS_ROOT}/../Podfile.lock\" \"${PODS_ROOT}/Manifest.lock\" > /dev/null\nif [[ $? != 0 ]] ; then\n    cat << EOM\nerror: The sandbox is not in sync with the Podfile.lock. Run 'pod install' or update your CocoaPods installation.\nEOM\n    exit 1\nfi\n";
			showEnvVarsInLog = 0;
		};
/* End PBXShellScriptBuildPhase section */

/* Begin PBXSourcesBuildPhase section */
		27180AD619D3E1C500B02501 /* Sources */ = {
			isa = PBXSourcesBuildPhase;
			buildActionMask = 2147483647;
			files = (
				27790A5C19DA76F700CFA510 /* TweetViewController.m in Sources */,
				2719CEF119D7AE5800D2C4A7 /* TweetCell.m in Sources */,
				27790A5819D9215A00CFA510 /* Utils.m in Sources */,
				27180B0919D3E2ED00B02501 /* User.m in Sources */,
				2719CEE519D644B800D2C4A7 /* TimelineViewController.m in Sources */,
				27B6E91E19D6122A00ACCFB5 /* APIField.m in Sources */,
				2719CEED19D64B8B00D2C4A7 /* NSURL+verifyOauth.m in Sources */,
				27180AE319D3E1C500B02501 /* AppDelegate.m in Sources */,
				27180B0619D3E23C00B02501 /* TwitterClient.m in Sources */,
				2719CEF519D7B35D00D2C4A7 /* Tweet.m in Sources */,
				27790A6119DA95A100CFA510 /* ComposeViewController.m in Sources */,
				27180AE019D3E1C500B02501 /* main.m in Sources */,
				27180B0E19D3E68700B02501 /* LoginViewController.m in Sources */,
				27790A6819DB663700CFA510 /* UIView+Superview.m in Sources */,
			);
			runOnlyForDeploymentPostprocessing = 0;
		};
		27180AEF19D3E1C500B02501 /* Sources */ = {
			isa = PBXSourcesBuildPhase;
			buildActionMask = 2147483647;
			files = (
				27180AFA19D3E1C500B02501 /* TwiiiwTTests.m in Sources */,
			);
			runOnlyForDeploymentPostprocessing = 0;
		};
/* End PBXSourcesBuildPhase section */

/* Begin PBXTargetDependency section */
		27180AF519D3E1C500B02501 /* PBXTargetDependency */ = {
			isa = PBXTargetDependency;
			target = 27180AD919D3E1C500B02501 /* TwiiiwT */;
			targetProxy = 27180AF419D3E1C500B02501 /* PBXContainerItemProxy */;
		};
/* End PBXTargetDependency section */

/* Begin XCBuildConfiguration section */
		27180AFB19D3E1C500B02501 /* Debug */ = {
			isa = XCBuildConfiguration;
			buildSettings = {
				ALWAYS_SEARCH_USER_PATHS = NO;
				CLANG_CXX_LANGUAGE_STANDARD = "gnu++0x";
				CLANG_CXX_LIBRARY = "libc++";
				CLANG_ENABLE_MODULES = YES;
				CLANG_ENABLE_OBJC_ARC = YES;
				CLANG_WARN_BOOL_CONVERSION = YES;
				CLANG_WARN_CONSTANT_CONVERSION = YES;
				CLANG_WARN_DIRECT_OBJC_ISA_USAGE = YES_ERROR;
				CLANG_WARN_EMPTY_BODY = YES;
				CLANG_WARN_ENUM_CONVERSION = YES;
				CLANG_WARN_INT_CONVERSION = YES;
				CLANG_WARN_OBJC_ROOT_CLASS = YES_ERROR;
				CLANG_WARN_UNREACHABLE_CODE = YES;
				CLANG_WARN__DUPLICATE_METHOD_MATCH = YES;
				"CODE_SIGN_IDENTITY[sdk=iphoneos*]" = "iPhone Developer";
				COPY_PHASE_STRIP = NO;
				ENABLE_STRICT_OBJC_MSGSEND = YES;
				GCC_C_LANGUAGE_STANDARD = gnu99;
				GCC_DYNAMIC_NO_PIC = NO;
				GCC_OPTIMIZATION_LEVEL = 0;
				GCC_PREPROCESSOR_DEFINITIONS = (
					"DEBUG=1",
					"$(inherited)",
				);
				GCC_SYMBOLS_PRIVATE_EXTERN = NO;
				GCC_WARN_64_TO_32_BIT_CONVERSION = YES;
				GCC_WARN_ABOUT_RETURN_TYPE = YES_ERROR;
				GCC_WARN_UNDECLARED_SELECTOR = YES;
				GCC_WARN_UNINITIALIZED_AUTOS = YES_AGGRESSIVE;
				GCC_WARN_UNUSED_FUNCTION = YES;
				GCC_WARN_UNUSED_VARIABLE = YES;
				IPHONEOS_DEPLOYMENT_TARGET = 8.0;
				MTL_ENABLE_DEBUG_INFO = YES;
				ONLY_ACTIVE_ARCH = YES;
				SDKROOT = iphoneos;
			};
			name = Debug;
		};
		27180AFC19D3E1C500B02501 /* Release */ = {
			isa = XCBuildConfiguration;
			buildSettings = {
				ALWAYS_SEARCH_USER_PATHS = NO;
				CLANG_CXX_LANGUAGE_STANDARD = "gnu++0x";
				CLANG_CXX_LIBRARY = "libc++";
				CLANG_ENABLE_MODULES = YES;
				CLANG_ENABLE_OBJC_ARC = YES;
				CLANG_WARN_BOOL_CONVERSION = YES;
				CLANG_WARN_CONSTANT_CONVERSION = YES;
				CLANG_WARN_DIRECT_OBJC_ISA_USAGE = YES_ERROR;
				CLANG_WARN_EMPTY_BODY = YES;
				CLANG_WARN_ENUM_CONVERSION = YES;
				CLANG_WARN_INT_CONVERSION = YES;
				CLANG_WARN_OBJC_ROOT_CLASS = YES_ERROR;
				CLANG_WARN_UNREACHABLE_CODE = YES;
				CLANG_WARN__DUPLICATE_METHOD_MATCH = YES;
				"CODE_SIGN_IDENTITY[sdk=iphoneos*]" = "iPhone Developer";
				COPY_PHASE_STRIP = YES;
				ENABLE_NS_ASSERTIONS = NO;
				ENABLE_STRICT_OBJC_MSGSEND = YES;
				GCC_C_LANGUAGE_STANDARD = gnu99;
				GCC_WARN_64_TO_32_BIT_CONVERSION = YES;
				GCC_WARN_ABOUT_RETURN_TYPE = YES_ERROR;
				GCC_WARN_UNDECLARED_SELECTOR = YES;
				GCC_WARN_UNINITIALIZED_AUTOS = YES_AGGRESSIVE;
				GCC_WARN_UNUSED_FUNCTION = YES;
				GCC_WARN_UNUSED_VARIABLE = YES;
				IPHONEOS_DEPLOYMENT_TARGET = 8.0;
				MTL_ENABLE_DEBUG_INFO = NO;
				SDKROOT = iphoneos;
				VALIDATE_PRODUCT = YES;
			};
			name = Release;
		};
		27180AFE19D3E1C500B02501 /* Debug */ = {
			isa = XCBuildConfiguration;
			baseConfigurationReference = 24CE809247D846D88E3A7593 /* Pods.xcconfig */;
			buildSettings = {
				ASSETCATALOG_COMPILER_APPICON_NAME = AppIcon;
				ASSETCATALOG_COMPILER_LAUNCHIMAGE_NAME = LaunchImage;
				INFOPLIST_FILE = TwiiiwT/Info.plist;
				IPHONEOS_DEPLOYMENT_TARGET = 7.0;
				LD_RUNPATH_SEARCH_PATHS = "$(inherited) @executable_path/Frameworks";
				PRODUCT_NAME = "$(TARGET_NAME)";
			};
			name = Debug;
		};
		27180AFF19D3E1C500B02501 /* Release */ = {
			isa = XCBuildConfiguration;
			baseConfigurationReference = 24CE809247D846D88E3A7593 /* Pods.xcconfig */;
			buildSettings = {
				ASSETCATALOG_COMPILER_APPICON_NAME = AppIcon;
				ASSETCATALOG_COMPILER_LAUNCHIMAGE_NAME = LaunchImage;
				INFOPLIST_FILE = TwiiiwT/Info.plist;
				IPHONEOS_DEPLOYMENT_TARGET = 7.0;
				LD_RUNPATH_SEARCH_PATHS = "$(inherited) @executable_path/Frameworks";
				PRODUCT_NAME = "$(TARGET_NAME)";
			};
			name = Release;
		};
		27180B0119D3E1C500B02501 /* Debug */ = {
			isa = XCBuildConfiguration;
			buildSettings = {
				BUNDLE_LOADER = "$(TEST_HOST)";
				FRAMEWORK_SEARCH_PATHS = (
					"$(SDKROOT)/Developer/Library/Frameworks",
					"$(inherited)",
				);
				GCC_PREPROCESSOR_DEFINITIONS = (
					"DEBUG=1",
					"$(inherited)",
				);
				INFOPLIST_FILE = TwiiiwTTests/Info.plist;
				LD_RUNPATH_SEARCH_PATHS = "$(inherited) @executable_path/Frameworks @loader_path/Frameworks";
				PRODUCT_NAME = "$(TARGET_NAME)";
				TEST_HOST = "$(BUILT_PRODUCTS_DIR)/TwiiiwT.app/TwiiiwT";
			};
			name = Debug;
		};
		27180B0219D3E1C500B02501 /* Release */ = {
			isa = XCBuildConfiguration;
			buildSettings = {
				BUNDLE_LOADER = "$(TEST_HOST)";
				FRAMEWORK_SEARCH_PATHS = (
					"$(SDKROOT)/Developer/Library/Frameworks",
					"$(inherited)",
				);
				INFOPLIST_FILE = TwiiiwTTests/Info.plist;
				LD_RUNPATH_SEARCH_PATHS = "$(inherited) @executable_path/Frameworks @loader_path/Frameworks";
				PRODUCT_NAME = "$(TARGET_NAME)";
				TEST_HOST = "$(BUILT_PRODUCTS_DIR)/TwiiiwT.app/TwiiiwT";
			};
			name = Release;
		};
/* End XCBuildConfiguration section */

/* Begin XCConfigurationList section */
		27180AD519D3E1C500B02501 /* Build configuration list for PBXProject "TwiiiwT" */ = {
			isa = XCConfigurationList;
			buildConfigurations = (
				27180AFB19D3E1C500B02501 /* Debug */,
				27180AFC19D3E1C500B02501 /* Release */,
			);
			defaultConfigurationIsVisible = 0;
			defaultConfigurationName = Release;
		};
		27180AFD19D3E1C500B02501 /* Build configuration list for PBXNativeTarget "TwiiiwT" */ = {
			isa = XCConfigurationList;
			buildConfigurations = (
				27180AFE19D3E1C500B02501 /* Debug */,
				27180AFF19D3E1C500B02501 /* Release */,
			);
			defaultConfigurationIsVisible = 0;
			defaultConfigurationName = Release;
		};
		27180B0019D3E1C500B02501 /* Build configuration list for PBXNativeTarget "TwiiiwTTests" */ = {
			isa = XCConfigurationList;
			buildConfigurations = (
				27180B0119D3E1C500B02501 /* Debug */,
				27180B0219D3E1C500B02501 /* Release */,
			);
			defaultConfigurationIsVisible = 0;
			defaultConfigurationName = Release;
		};
/* End XCConfigurationList section */
	};
	rootObject = 27180AD219D3E1C500B02501 /* Project object */;
}
